Microsoft Visual Studio Solution File, Format Version 12.00
# Visual Studio Version 17
VisualStudioVersion = 17.5.2.0
MinimumVisualStudioVersion = 10.0.40219.1
Project("{FAE04EC0-301F-11D3-BF4B-00C04F79EFBC}") = "comeet", "comeet.csproj", "{7458D96E-BA56-FACA-78B6-EA131763639B}"
EndProject
Global
	GlobalSection(SolutionConfigurationPlatforms) = preSolution
		Debug|Any CPU = Debug|Any CPU
		Release|Any CPU = Release|Any CPU
	EndGlobalSection
	GlobalSection(ProjectConfigurationPlatforms) = postSolution
		{7458D96E-BA56-FACA-78B6-EA131763639B}.Debug|Any CPU.ActiveCfg = Debug|Any CPU
		{7458D96E-BA56-FACA-78B6-EA131763639B}.Debug|Any CPU.Build.0 = Debug|Any CPU
		{7458D96E-BA56-FACA-78B6-EA131763639B}.Release|Any CPU.ActiveCfg = Release|Any CPU
		{7458D96E-BA56-FACA-78B6-EA131763639B}.Release|Any CPU.Build.0 = Release|Any CPU
	EndGlobalSection
	GlobalSection(SolutionProperties) = preSolution
		HideSolutionNode = FALSE
	EndGlobalSection
	GlobalSection(ExtensibilityGlobals) = postSolution
		SolutionGuid = {FD68F973-9E04-4E86-87FC-3D25AEF32AC8}
	EndGlobalSection
EndGlobal
